Microsoft Visual Studio Solution File, Format Version 12.00
# Visual Studio Version 17
VisualStudioVersion = 17.5.2.0
MinimumVisualStudioVersion = 10.0.40219.1
Project("{FAE04EC0-301F-11D3-BF4B-00C04F79EFBC}") = "WPMessageApp", "WPMessageApp.csproj", "{8C2F9187-DD9A-05F8-5E14-D595E42D4617}"
EndProject
Global
	GlobalSection(SolutionConfigurationPlatforms) = preSolution
		Debug|Any CPU = Debug|Any CPU
		Release|Any CPU = Release|Any CPU
	EndGlobalSection
	GlobalSection(ProjectConfigurationPlatforms) = postSolution
		{8C2F9187-DD9A-05F8-5E14-D595E42D4617}.Debug|Any CPU.ActiveCfg = Debug|Any CPU
		{8C2F9187-DD9A-05F8-5E14-D595E42D4617}.Debug|Any CPU.Build.0 = Debug|Any CPU
		{8C2F9187-DD9A-05F8-5E14-D595E42D4617}.Release|Any CPU.ActiveCfg = Release|Any CPU
		{8C2F9187-DD9A-05F8-5E14-D595E42D4617}.Release|Any CPU.Build.0 = Release|Any CPU
	EndGlobalSection
	GlobalSection(SolutionProperties) = preSolution
		HideSolutionNode = FALSE
	EndGlobalSection
	GlobalSection(ExtensibilityGlobals) = postSolution
		SolutionGuid = {0DFD9D05-184C-44C7-8637-B0934EF58A84}
	EndGlobalSection
EndGlobal
